
Microsoft Visual Studio Solution File, Format Version 12.00
# Visual Studio 15
VisualStudioVersion = 15.0.28010.2019
MinimumVisualStudioVersion = 10.0.40219.1
Project("{FAE04EC0-301F-11D3-BF4B-00C04F79EFBC}") = "Models", "Models\Models.csproj", "{951F4246-888A-4ADB-8C31-BD4F86E164E6}"
EndProject
Project("{FAE04EC0-301F-11D3-BF4B-00C04F79EFBC}") = "ViewModels", "ViewModels\ViewModels.csproj", "{D0A044E6-3F48-4279-B31D-D48B3B505DED}"
EndProject
Project("{FAE04EC0-301F-11D3-BF4B-00C04F79EFBC}") = "Views", "Views\Views.csproj", "{6C0E35DD-1F05-4765-982E-6FAF83182782}"
EndProject
Global
	GlobalSection(SolutionConfigurationPlatforms) = preSolution
		Debug|Any CPU = Debug|Any CPU
		Release|Any CPU = Release|Any CPU
	EndGlobalSection
	GlobalSection(ProjectConfigurationPlatforms) = postSolution
		{951F4246-888A-4ADB-8C31-BD4F86E164E6}.Debug|Any CPU.ActiveCfg = Debug|Any CPU
		{951F4246-888A-4ADB-8C31-BD4F86E164E6}.Debug|Any CPU.Build.0 = Debug|Any CPU
		{951F4246-888A-4ADB-8C31-BD4F86E164E6}.Release|Any CPU.ActiveCfg = Release|Any CPU
		{951F4246-888A-4ADB-8C31-BD4F86E164E6}.Release|Any CPU.Build.0 = Release|Any CPU
		{D0A044E6-3F48-4279-B31D-D48B3B505DED}.Debug|Any CPU.ActiveCfg = Debug|Any CPU
		{D0A044E6-3F48-4279-B31D-D48B3B505DED}.Debug|Any CPU.Build.0 = Debug|Any CPU
		{D0A044E6-3F48-4279-B31D-D48B3B505DED}.Release|Any CPU.ActiveCfg = Release|Any CPU
		{D0A044E6-3F48-4279-B31D-D48B3B505DED}.Release|Any CPU.Build.0 = Release|Any CPU
		{6C0E35DD-1F05-4765-982E-6FAF83182782}.Debug|Any CPU.ActiveCfg = Debug|Any CPU
		{6C0E35DD-1F05-4765-982E-6FAF83182782}.Debug|Any CPU.Build.0 = Debug|Any CPU
		{6C0E35DD-1F05-4765-982E-6FAF83182782}.Release|Any CPU.ActiveCfg = Release|Any CPU
		{6C0E35DD-1F05-4765-982E-6FAF83182782}.Release|Any CPU.Build.0 = Release|Any CPU
	EndGlobalSection
	GlobalSection(SolutionProperties) = preSolution
		HideSolutionNode = FALSE
	EndGlobalSection
	GlobalSection(ExtensibilityGlobals) = postSolution
		SolutionGuid = {6542CA65-E887-4BEA-BB39-64863D80E206}
	EndGlobalSection
EndGlobal
